
Microsoft Visual Studio Solution File, Format Version 12.00
# Visual Studio Version 16
VisualStudioVersion = 16.0.30011.22
MinimumVisualStudioVersion = 10.0.40219.1
Project("{FAE04EC0-301F-11D3-BF4B-00C04F79EFBC}") = "ASC.Xmpp.Server", "ASC.Xmpp.Server\ASC.Xmpp.Server.csproj", "{3BE01581-4ECA-4104-8306-F16652330FEA}"
EndProject
Project("{FAE04EC0-301F-11D3-BF4B-00C04F79EFBC}") = "ASC.Xmpp.Host", "ASC.Xmpp.Host\ASC.Xmpp.Host.csproj", "{06087A08-31B8-4D0F-975D-F45B12AB7FA7}"
EndProject
Project("{FAE04EC0-301F-11D3-BF4B-00C04F79EFBC}") = "ASC.Xmpp.Core", "ASC.Xmpp.Core\ASC.Xmpp.Core.csproj", "{91EA0D0B-D3BA-497F-AFEB-2CAD59DEBA0E}"
EndProject
Project("{FAE04EC0-301F-11D3-BF4B-00C04F79EFBC}") = "ASC.Xmpp.Server.Launcher", "ASC.Xmpp.Server.Launcher\ASC.Xmpp.Server.Launcher.csproj", "{82A33DFC-2545-4214-9590-5F099CF8CA51}"
EndProject
Project("{2150E333-8FDC-42A3-9474-1A3956D46DE8}") = "Solution Items", "Solution Items", "{F3E0E415-22FE-4846-A261-88B94DB74D7E}"
	ProjectSection(SolutionItems) = preProject
		.editorconfig = .editorconfig
	EndProjectSection
EndProject
Global
	GlobalSection(SolutionConfigurationPlatforms) = preSolution
		Debug|Any CPU = Debug|Any CPU
		Release|Any CPU = Release|Any CPU
	EndGlobalSection
	GlobalSection(ProjectConfigurationPlatforms) = postSolution
		{3BE01581-4ECA-4104-8306-F16652330FEA}.Debug|Any CPU.ActiveCfg = Debug|Any CPU
		{3BE01581-4ECA-4104-8306-F16652330FEA}.Debug|Any CPU.Build.0 = Debug|Any CPU
		{3BE01581-4ECA-4104-8306-F16652330FEA}.Release|Any CPU.ActiveCfg = Release|Any CPU
		{3BE01581-4ECA-4104-8306-F16652330FEA}.Release|Any CPU.Build.0 = Release|Any CPU
		{06087A08-31B8-4D0F-975D-F45B12AB7FA7}.Debug|Any CPU.ActiveCfg = Debug|Any CPU
		{06087A08-31B8-4D0F-975D-F45B12AB7FA7}.Debug|Any CPU.Build.0 = Debug|Any CPU
		{06087A08-31B8-4D0F-975D-F45B12AB7FA7}.Release|Any CPU.ActiveCfg = Release|Any CPU
		{06087A08-31B8-4D0F-975D-F45B12AB7FA7}.Release|Any CPU.Build.0 = Release|Any CPU
		{91EA0D0B-D3BA-497F-AFEB-2CAD59DEBA0E}.Debug|Any CPU.ActiveCfg = Debug|Any CPU
		{91EA0D0B-D3BA-497F-AFEB-2CAD59DEBA0E}.Debug|Any CPU.Build.0 = Debug|Any CPU
		{91EA0D0B-D3BA-497F-AFEB-2CAD59DEBA0E}.Release|Any CPU.ActiveCfg = Release|Any CPU
		{91EA0D0B-D3BA-497F-AFEB-2CAD59DEBA0E}.Release|Any CPU.Build.0 = Release|Any CPU
		{82A33DFC-2545-4214-9590-5F099CF8CA51}.Debug|Any CPU.ActiveCfg = Debug|Any CPU
		{82A33DFC-2545-4214-9590-5F099CF8CA51}.Debug|Any CPU.Build.0 = Debug|Any CPU
		{82A33DFC-2545-4214-9590-5F099CF8CA51}.Release|Any CPU.ActiveCfg = Release|Any CPU
		{82A33DFC-2545-4214-9590-5F099CF8CA51}.Release|Any CPU.Build.0 = Release|Any CPU
	EndGlobalSection
	GlobalSection(SolutionProperties) = preSolution
		HideSolutionNode = FALSE
	EndGlobalSection
	GlobalSection(ExtensibilityGlobals) = postSolution
		SolutionGuid = {A4148132-6BC6-499B-B9D0-F2D68DE5560A}
	EndGlobalSection
EndGlobal
